
Microsoft Visual Studio Solution File, Format Version 12.00
# Visual Studio 15
VisualStudioVersion = 15.0.27703.2026
MinimumVisualStudioVersion = 10.0.40219.1
Project("{FAE04EC0-301F-11D3-BF4B-00C04F79EFBC}") = "Store.DAL", "Store.DAL\Store.DAL.csproj", "{2EF685E7-986B-4243-BB2E-BF596BA9A79B}"
EndProject
Project("{FAE04EC0-301F-11D3-BF4B-00C04F79EFBC}") = "Store.Models", "Store.Models\Store.Models.csproj", "{AB638911-E8CB-4520-A12D-9C9FBA821198}"
EndProject
Project("{FAE04EC0-301F-11D3-BF4B-00C04F79EFBC}") = "Store.DAL.Tests", "Store.DAL.Tests\Store.DAL.Tests.csproj", "{59484DAD-1FE2-4314-9311-0354CE091359}"
EndProject
Global
	GlobalSection(SolutionConfigurationPlatforms) = preSolution
		Debug|Any CPU = Debug|Any CPU
		Release|Any CPU = Release|Any CPU
	EndGlobalSection
	GlobalSection(ProjectConfigurationPlatforms) = postSolution
		{2EF685E7-986B-4243-BB2E-BF596BA9A79B}.Debug|Any CPU.ActiveCfg = Debug|Any CPU
		{2EF685E7-986B-4243-BB2E-BF596BA9A79B}.Debug|Any CPU.Build.0 = Debug|Any CPU
		{2EF685E7-986B-4243-BB2E-BF596BA9A79B}.Release|Any CPU.ActiveCfg = Release|Any CPU
		{2EF685E7-986B-4243-BB2E-BF596BA9A79B}.Release|Any CPU.Build.0 = Release|Any CPU
		{AB638911-E8CB-4520-A12D-9C9FBA821198}.Debug|Any CPU.ActiveCfg = Debug|Any CPU
		{AB638911-E8CB-4520-A12D-9C9FBA821198}.Debug|Any CPU.Build.0 = Debug|Any CPU
		{AB638911-E8CB-4520-A12D-9C9FBA821198}.Release|Any CPU.ActiveCfg = Release|Any CPU
		{AB638911-E8CB-4520-A12D-9C9FBA821198}.Release|Any CPU.Build.0 = Release|Any CPU
		{59484DAD-1FE2-4314-9311-0354CE091359}.Debug|Any CPU.ActiveCfg = Debug|Any CPU
		{59484DAD-1FE2-4314-9311-0354CE091359}.Debug|Any CPU.Build.0 = Debug|Any CPU
		{59484DAD-1FE2-4314-9311-0354CE091359}.Release|Any CPU.ActiveCfg = Release|Any CPU
		{59484DAD-1FE2-4314-9311-0354CE091359}.Release|Any CPU.Build.0 = Release|Any CPU
	EndGlobalSection
	GlobalSection(SolutionProperties) = preSolution
		HideSolutionNode = FALSE
	EndGlobalSection
	GlobalSection(ExtensibilityGlobals) = postSolution
		SolutionGuid = {EE2D2D8B-74EC-4623-B73B-E339027BEA02}
	EndGlobalSection
EndGlobal
